
Microsoft Visual Studio Solution File, Format Version 12.00
# Visual Studio 2012
Project("{FAE04EC0-301F-11D3-BF4B-00C04F79EFBC}") = "BSTree", "BSTree\BSTree.csproj", "{50F3665A-D312-4FCC-B297-63043E64AB81}"
EndProject
Project("{FAE04EC0-301F-11D3-BF4B-00C04F79EFBC}") = "BSTree.UnitTests", "BSTree.UnitTests\BSTree.UnitTests.csproj", "{79D4BF9F-D2B8-4AE6-B1C7-827CD25784EA}"
EndProject
Global
	GlobalSection(SolutionConfigurationPlatforms) = preSolution
		Debug|Any CPU = Debug|Any CPU
		Release|Any CPU = Release|Any CPU
	EndGlobalSection
	GlobalSection(ProjectConfigurationPlatforms) = postSolution
		{50F3665A-D312-4FCC-B297-63043E64AB81}.Debug|Any CPU.ActiveCfg = Debug|Any CPU
		{50F3665A-D312-4FCC-B297-63043E64AB81}.Debug|Any CPU.Build.0 = Debug|Any CPU
		{50F3665A-D312-4FCC-B297-63043E64AB81}.Release|Any CPU.ActiveCfg = Release|Any CPU
		{50F3665A-D312-4FCC-B297-63043E64AB81}.Release|Any CPU.Build.0 = Release|Any CPU
		{79D4BF9F-D2B8-4AE6-B1C7-827CD25784EA}.Debug|Any CPU.ActiveCfg = Debug|Any CPU
		{79D4BF9F-D2B8-4AE6-B1C7-827CD25784EA}.Debug|Any CPU.Build.0 = Debug|Any CPU
		{79D4BF9F-D2B8-4AE6-B1C7-827CD25784EA}.Release|Any CPU.ActiveCfg = Release|Any CPU
		{79D4BF9F-D2B8-4AE6-B1C7-827CD25784EA}.Release|Any CPU.Build.0 = Release|Any CPU
	EndGlobalSection
	GlobalSection(SolutionProperties) = preSolution
		HideSolutionNode = FALSE
	EndGlobalSection
EndGlobal
